
Microsoft Visual Studio Solution File, Format Version 12.00
# Visual Studio Version 17
VisualStudioVersion = 17.7.34031.279
MinimumVisualStudioVersion = 10.0.40219.1
Project("{9A19103F-16F7-4668-BE54-9A1E7A4F7556}") = "TimsyDev.QAScenario.Generator", "TimsyDev.QAScenario.Generator\TimsyDev.QAScenario.Generator.csproj", "{2DB0B18C-970D-42F4-945A-1AC6884887AF}"
EndProject
Project("{9A19103F-16F7-4668-BE54-9A1E7A4F7556}") = "TimsyDev.QAScenario.Generator.Tests", "TimsyDev.QAScenario.Generator.Tests\TimsyDev.QAScenario.Generator.Tests.csproj", "{AABB82E2-1AC1-4101-8728-E559FE567DB7}"
EndProject
Global
	GlobalSection(SolutionConfigurationPlatforms) = preSolution
		Debug|Any CPU = Debug|Any CPU
		Release|Any CPU = Release|Any CPU
	EndGlobalSection
	GlobalSection(ProjectConfigurationPlatforms) = postSolution
		{2DB0B18C-970D-42F4-945A-1AC6884887AF}.Debug|Any CPU.ActiveCfg = Debug|Any CPU
		{2DB0B18C-970D-42F4-945A-1AC6884887AF}.Debug|Any CPU.Build.0 = Debug|Any CPU
		{2DB0B18C-970D-42F4-945A-1AC6884887AF}.Release|Any CPU.ActiveCfg = Release|Any CPU
		{2DB0B18C-970D-42F4-945A-1AC6884887AF}.Release|Any CPU.Build.0 = Release|Any CPU
		{AABB82E2-1AC1-4101-8728-E559FE567DB7}.Debug|Any CPU.ActiveCfg = Debug|Any CPU
		{AABB82E2-1AC1-4101-8728-E559FE567DB7}.Debug|Any CPU.Build.0 = Debug|Any CPU
		{AABB82E2-1AC1-4101-8728-E559FE567DB7}.Release|Any CPU.ActiveCfg = Release|Any CPU
		{AABB82E2-1AC1-4101-8728-E559FE567DB7}.Release|Any CPU.Build.0 = Release|Any CPU
	EndGlobalSection
	GlobalSection(SolutionProperties) = preSolution
		HideSolutionNode = FALSE
	EndGlobalSection
	GlobalSection(ExtensibilityGlobals) = postSolution
		SolutionGuid = {806A2338-0288-4590-A06C-A9C60977A79B}
	EndGlobalSection
EndGlobal
